
Microsoft Visual Studio Solution File, Format Version 12.00
Project("{FAE04EC0-301F-11D3-BF4B-00C04F79EFBC}") = "AdventOfCode2023", "AdventOfCode2023\AdventOfCode2023.csproj", "{53EB5C90-F29F-4558-8F64-0866F303C805}"
EndProject
Project("{FAE04EC0-301F-11D3-BF4B-00C04F79EFBC}") = "TestAdventOfCode", "TestAdventOfCode\TestAdventOfCode.csproj", "{DCA57639-1D0B-4210-8FA5-F497DB11C6A0}"
EndProject
Global
	GlobalSection(SolutionConfigurationPlatforms) = preSolution
		Debug|Any CPU = Debug|Any CPU
		Release|Any CPU = Release|Any CPU
	EndGlobalSection
	GlobalSection(ProjectConfigurationPlatforms) = postSolution
		{53EB5C90-F29F-4558-8F64-0866F303C805}.Debug|Any CPU.ActiveCfg = Debug|Any CPU
		{53EB5C90-F29F-4558-8F64-0866F303C805}.Debug|Any CPU.Build.0 = Debug|Any CPU
		{53EB5C90-F29F-4558-8F64-0866F303C805}.Release|Any CPU.ActiveCfg = Release|Any CPU
		{53EB5C90-F29F-4558-8F64-0866F303C805}.Release|Any CPU.Build.0 = Release|Any CPU
		{DCA57639-1D0B-4210-8FA5-F497DB11C6A0}.Debug|Any CPU.ActiveCfg = Debug|Any CPU
		{DCA57639-1D0B-4210-8FA5-F497DB11C6A0}.Debug|Any CPU.Build.0 = Debug|Any CPU
		{DCA57639-1D0B-4210-8FA5-F497DB11C6A0}.Release|Any CPU.ActiveCfg = Release|Any CPU
		{DCA57639-1D0B-4210-8FA5-F497DB11C6A0}.Release|Any CPU.Build.0 = Release|Any CPU
	EndGlobalSection
EndGlobal
